
Microsoft Visual Studio Solution File, Format Version 12.00
# Visual Studio Version 17
VisualStudioVersion = 17.3.32728.150
MinimumVisualStudioVersion = 10.0.40219.1
Project("{9A19103F-16F7-4668-BE54-9A1E7A4F7556}") = "Strategy.HeadFirst.Naive", "Strategy\Strategy.HeadFirst\Strategy.HeadFirst.Naive.csproj", "{9838795A-7748-4FFA-84D5-BEFDE287966A}"
EndProject
Project("{2150E333-8FDC-42A3-9474-1A3956D46DE8}") = "Solution Items", "Solution Items", "{AC31917A-B86C-4B91-A6CD-A7202961713F}"
	ProjectSection(SolutionItems) = preProject
		.editorconfig = .editorconfig
		.filenesting.json = .filenesting.json
		.gitignore = .gitignore
		DesignPatterns.sln.DotSettings = DesignPatterns.sln.DotSettings
		Directory.Build.props = Directory.Build.props
		README.md = README.md
		stylecop.json = stylecop.json
	EndProjectSection
EndProject
Project("{2150E333-8FDC-42A3-9474-1A3956D46DE8}") = "Strategy", "Strategy", "{29545293-140E-415F-AAFB-E79083E52544}"
	ProjectSection(SolutionItems) = preProject
		Strategy\readme.md = Strategy\readme.md
	EndProjectSection
EndProject
Project("{9A19103F-16F7-4668-BE54-9A1E7A4F7556}") = "Strategy.HeadFirst.Inheritance", "Strategy\Strategy.HeadFirst.Inheritance\Strategy.HeadFirst.Inheritance.csproj", "{87748A03-6EF8-427B-B784-566F5D63AFAA}"
EndProject
Project("{9A19103F-16F7-4668-BE54-9A1E7A4F7556}") = "Strategy.HeadFirst.Final", "Strategy\Strategy.HeadFirst.Final\Strategy.HeadFirst.Final.csproj", "{E9620F8B-97D5-4585-8763-E8CBE601AAF4}"
EndProject
Project("{9A19103F-16F7-4668-BE54-9A1E7A4F7556}") = "Strategy.HeadFirst.Common", "Strategy\Strategy.HeadFirst.Common\Strategy.HeadFirst.Common.csproj", "{AEA89060-7FDB-4ED2-821C-E9F9695475F1}"
EndProject
Project("{9A19103F-16F7-4668-BE54-9A1E7A4F7556}") = "Strategy.Dive.Naive", "Strategy\Strategy.Dive.Naive\Strategy.Dive.Naive.csproj", "{94683C1C-89F0-4E49-8360-59AA83B82639}"
EndProject
Project("{9A19103F-16F7-4668-BE54-9A1E7A4F7556}") = "Strategy.Dive.Common", "Strategy\Strategy.Dive.Common\Strategy.Dive.Common.csproj", "{AA1996F3-D4B4-4250-80BB-214AB2C2243A}"
EndProject
Project("{9A19103F-16F7-4668-BE54-9A1E7A4F7556}") = "Strategy.Dive.Final", "Strategy\Strategy.Dive.Final\Strategy.Dive.Final.csproj", "{46215A08-3DEA-4B7A-9FB2-808955BD4D5B}"
EndProject
Project("{9A19103F-16F7-4668-BE54-9A1E7A4F7556}") = "Strategy.Ican.Static", "Strategy\Strategy.Ican.Static\Strategy.Ican.Static.csproj", "{099AF3BB-A02C-4377-B4AD-15D90B94F838}"
EndProject
Project("{9A19103F-16F7-4668-BE54-9A1E7A4F7556}") = "Strategy.Ican.Dynamic", "Strategy\Strategy.Ican.Dynamic\Strategy.Ican.Dynamic.csproj", "{FB7FEEFC-A3F3-4149-B151-FF811CEFD4D2}"
EndProject
Project("{9A19103F-16F7-4668-BE54-9A1E7A4F7556}") = "Strategy.Ican.Common", "Strategy\Strategy.Ican.Common\Strategy.Ican.Common.csproj", "{5D494957-B6BD-4D5F-8464-C64D71EA4800}"
EndProject
Project("{9A19103F-16F7-4668-BE54-9A1E7A4F7556}") = "Strategy.Ican.EqualityAndComparison", "Strategy\Strategy.Ican.EqualityAndComparison\Strategy.Ican.EqualityAndComparison.csproj", "{330B8140-B1D4-439E-9767-918E9DF91FCE}"
EndProject
Project("{9A19103F-16F7-4668-BE54-9A1E7A4F7556}") = "Strategy.Ican.Discriminant", "Strategy\Strategy.Ican.Discriminant\Strategy.Ican.Discriminant.csproj", "{05B75684-4D2E-4974-A10F-379A26FF1A96}"
EndProject
Project("{9A19103F-16F7-4668-BE54-9A1E7A4F7556}") = "Strategy.GoF.LineBreaking", "Strategy\Strategy.GoF.LineBreaking\Strategy.GoF.LineBreaking.csproj", "{C78BA682-E094-4EBE-AC3E-C47EFBFAA3C5}"
EndProject
Project("{2150E333-8FDC-42A3-9474-1A3956D46DE8}") = "Observer", "Observer", "{A2990930-7E5B-44EA-A642-15DF50CE75A4}"
	ProjectSection(SolutionItems) = preProject
		Observer\readme.md = Observer\readme.md
	EndProjectSection
EndProject
Project("{9A19103F-16F7-4668-BE54-9A1E7A4F7556}") = "Observer.HeadFirst.Naive", "Observer\Observer.HeadFirst.Naive\Observer.HeadFirst.Naive.csproj", "{22257E86-EC37-4F6F-B1BA-9E3F5757AE48}"
EndProject
Project("{9A19103F-16F7-4668-BE54-9A1E7A4F7556}") = "Observer.HeadFirst.Common", "Observer\Observer.HeadFirst.Common\Observer.HeadFirst.Common.csproj", "{5CE4B2B5-3FAE-4AC2-A533-F434C53A9408}"
EndProject
Project("{9A19103F-16F7-4668-BE54-9A1E7A4F7556}") = "Observer.HeadFirst.SelfImplemented", "Observer\Observer.HeadFirst.SelfImplemented\Observer.HeadFirst.SelfImplemented.csproj", "{57A0F442-E369-458E-9BB5-A2820DD901E0}"
EndProject
Project("{9A19103F-16F7-4668-BE54-9A1E7A4F7556}") = "Observer.HeadFirst.Rx", "Observer\Observer.HeadFirst.Rx\Observer.HeadFirst.Rx.csproj", "{BCE61D45-8C3E-4C78-AD07-245E10E4FBA1}"
EndProject
Project("{9A19103F-16F7-4668-BE54-9A1E7A4F7556}") = "Observer.HeadFirst.System", "Observer\Observer.HeadFirst.System\Observer.HeadFirst.System.csproj", "{451D869E-31C8-45F2-8C88-F92987C7C739}"
EndProject
Project("{9A19103F-16F7-4668-BE54-9A1E7A4F7556}") = "Observer.Dive.TextEditor", "Observer\Observer.Dive.TextEditor\Observer.Dive.TextEditor.csproj", "{220CE723-9F47-45FD-A67D-4D07A1B64FF9}"
EndProject
Project("{9A19103F-16F7-4668-BE54-9A1E7A4F7556}") = "Observer.GoF.Clock", "Observer\Observer.GoF.Clock\Observer.GoF.Clock.csproj", "{F80D3338-641F-41D6-9FAC-9B5BEEA6B05F}"
EndProject
Project("{9A19103F-16F7-4668-BE54-9A1E7A4F7556}") = "Observer.Ican.Events", "Observer\Observer.Ican.Events\Observer.Ican.Events.csproj", "{05E2488C-0AB4-473B-AB0D-865000C90173}"
EndProject
Project("{9A19103F-16F7-4668-BE54-9A1E7A4F7556}") = "Observer.Ican.WeakEventPattern", "Observer\Observer.Ican.WeakEventPattern\Observer.Ican.WeakEventPattern.csproj", "{C4F65AF0-6718-4206-945B-C9D698C7A04F}"
EndProject
Project("{9A19103F-16F7-4668-BE54-9A1E7A4F7556}") = "Observer.Ican.System", "Observer\Observer.Ican.System\Observer.Ican.System.csproj", "{AAEE7E6B-0652-4FBB-8FE5-D47C3B1543ED}"
EndProject
Project("{9A19103F-16F7-4668-BE54-9A1E7A4F7556}") = "Observer.Ican.Bidirectional", "Observer\Observer.Ican.Bidirectional\Observer.Ican.Bidirectional.csproj", "{419CCF7A-D190-4D69-9CD5-22AE0BB70E28}"
EndProject
Project("{9A19103F-16F7-4668-BE54-9A1E7A4F7556}") = "Observer.Ican.PropertyDependencies", "Observer\Observer.Ican.PropertyDependencies\Observer.Ican.PropertyDependencies.csproj", "{CB40F8C1-2452-4003-996C-C31251CE4487}"
EndProject
Project("{9A19103F-16F7-4668-BE54-9A1E7A4F7556}") = "Observer.Ican.AutoPubSub", "Observer\Observer.Ican.AutoPubSub\Observer.Ican.AutoPubSub.csproj", "{CACB2CF9-6CB3-4980-B169-E84997526A94}"
EndProject
Project("{9A19103F-16F7-4668-BE54-9A1E7A4F7556}") = "Observer.Ican.RatGame", "Observer\Observer.Ican.RatGame\Observer.Ican.RatGame.csproj", "{D7DF6B67-652E-4901-A98C-BA744612E773}"
EndProject
Project("{2150E333-8FDC-42A3-9474-1A3956D46DE8}") = "Decorator", "Decorator", "{41444808-B9C8-4615-9F2D-B0140D5E2587}"
	ProjectSection(SolutionItems) = preProject
		Decorator\readme.md = Decorator\readme.md
	EndProjectSection
EndProject
Project("{9A19103F-16F7-4668-BE54-9A1E7A4F7556}") = "Decorator.HeadFirst.Naive.Inheritance", "Decorator\Decorator.HeadFirst.Naive.Inheritance\Decorator.HeadFirst.Naive.Inheritance.csproj", "{F7617100-55E3-4B3B-877D-AE1648AA8E18}"
EndProject
Project("{FAE04EC0-301F-11D3-BF4B-00C04F79EFBC}") = "Decorator.HeadFirst.Naive.Superclass", "Decorator\Decorator.HeadFirst.Naive.Superclass\Decorator.HeadFirst.Naive.Superclass.csproj", "{24C1A282-4E1C-4B72-8A83-7A077F2292CB}"
EndProject
Global
	GlobalSection(SolutionConfigurationPlatforms) = preSolution
		Debug|Any CPU = Debug|Any CPU
		Release|Any CPU = Release|Any CPU
	EndGlobalSection
	GlobalSection(ProjectConfigurationPlatforms) = postSolution
		{9838795A-7748-4FFA-84D5-BEFDE287966A}.Debug|Any CPU.ActiveCfg = Debug|Any CPU
		{9838795A-7748-4FFA-84D5-BEFDE287966A}.Debug|Any CPU.Build.0 = Debug|Any CPU
		{9838795A-7748-4FFA-84D5-BEFDE287966A}.Release|Any CPU.ActiveCfg = Release|Any CPU
		{9838795A-7748-4FFA-84D5-BEFDE287966A}.Release|Any CPU.Build.0 = Release|Any CPU
		{87748A03-6EF8-427B-B784-566F5D63AFAA}.Debug|Any CPU.ActiveCfg = Debug|Any CPU
		{87748A03-6EF8-427B-B784-566F5D63AFAA}.Debug|Any CPU.Build.0 = Debug|Any CPU
		{87748A03-6EF8-427B-B784-566F5D63AFAA}.Release|Any CPU.ActiveCfg = Release|Any CPU
		{87748A03-6EF8-427B-B784-566F5D63AFAA}.Release|Any CPU.Build.0 = Release|Any CPU
		{E9620F8B-97D5-4585-8763-E8CBE601AAF4}.Debug|Any CPU.ActiveCfg = Debug|Any CPU
		{E9620F8B-97D5-4585-8763-E8CBE601AAF4}.Debug|Any CPU.Build.0 = Debug|Any CPU
		{E9620F8B-97D5-4585-8763-E8CBE601AAF4}.Release|Any CPU.ActiveCfg = Release|Any CPU
		{E9620F8B-97D5-4585-8763-E8CBE601AAF4}.Release|Any CPU.Build.0 = Release|Any CPU
		{AEA89060-7FDB-4ED2-821C-E9F9695475F1}.Debug|Any CPU.ActiveCfg = Debug|Any CPU
		{AEA89060-7FDB-4ED2-821C-E9F9695475F1}.Debug|Any CPU.Build.0 = Debug|Any CPU
		{AEA89060-7FDB-4ED2-821C-E9F9695475F1}.Release|Any CPU.ActiveCfg = Release|Any CPU
		{AEA89060-7FDB-4ED2-821C-E9F9695475F1}.Release|Any CPU.Build.0 = Release|Any CPU
		{94683C1C-89F0-4E49-8360-59AA83B82639}.Debug|Any CPU.ActiveCfg = Debug|Any CPU
		{94683C1C-89F0-4E49-8360-59AA83B82639}.Debug|Any CPU.Build.0 = Debug|Any CPU
		{94683C1C-89F0-4E49-8360-59AA83B82639}.Release|Any CPU.ActiveCfg = Release|Any CPU
		{94683C1C-89F0-4E49-8360-59AA83B82639}.Release|Any CPU.Build.0 = Release|Any CPU
		{AA1996F3-D4B4-4250-80BB-214AB2C2243A}.Debug|Any CPU.ActiveCfg = Debug|Any CPU
		{AA1996F3-D4B4-4250-80BB-214AB2C2243A}.Debug|Any CPU.Build.0 = Debug|Any CPU
		{AA1996F3-D4B4-4250-80BB-214AB2C2243A}.Release|Any CPU.ActiveCfg = Release|Any CPU
		{AA1996F3-D4B4-4250-80BB-214AB2C2243A}.Release|Any CPU.Build.0 = Release|Any CPU
		{46215A08-3DEA-4B7A-9FB2-808955BD4D5B}.Debug|Any CPU.ActiveCfg = Debug|Any CPU
		{46215A08-3DEA-4B7A-9FB2-808955BD4D5B}.Debug|Any CPU.Build.0 = Debug|Any CPU
		{46215A08-3DEA-4B7A-9FB2-808955BD4D5B}.Release|Any CPU.ActiveCfg = Release|Any CPU
		{46215A08-3DEA-4B7A-9FB2-808955BD4D5B}.Release|Any CPU.Build.0 = Release|Any CPU
		{099AF3BB-A02C-4377-B4AD-15D90B94F838}.Debug|Any CPU.ActiveCfg = Debug|Any CPU
		{099AF3BB-A02C-4377-B4AD-15D90B94F838}.Debug|Any CPU.Build.0 = Debug|Any CPU
		{099AF3BB-A02C-4377-B4AD-15D90B94F838}.Release|Any CPU.ActiveCfg = Release|Any CPU
		{099AF3BB-A02C-4377-B4AD-15D90B94F838}.Release|Any CPU.Build.0 = Release|Any CPU
		{FB7FEEFC-A3F3-4149-B151-FF811CEFD4D2}.Debug|Any CPU.ActiveCfg = Debug|Any CPU
		{FB7FEEFC-A3F3-4149-B151-FF811CEFD4D2}.Debug|Any CPU.Build.0 = Debug|Any CPU
		{FB7FEEFC-A3F3-4149-B151-FF811CEFD4D2}.Release|Any CPU.ActiveCfg = Release|Any CPU
		{FB7FEEFC-A3F3-4149-B151-FF811CEFD4D2}.Release|Any CPU.Build.0 = Release|Any CPU
		{5D494957-B6BD-4D5F-8464-C64D71EA4800}.Debug|Any CPU.ActiveCfg = Debug|Any CPU
		{5D494957-B6BD-4D5F-8464-C64D71EA4800}.Debug|Any CPU.Build.0 = Debug|Any CPU
		{5D494957-B6BD-4D5F-8464-C64D71EA4800}.Release|Any CPU.ActiveCfg = Release|Any CPU
		{5D494957-B6BD-4D5F-8464-C64D71EA4800}.Release|Any CPU.Build.0 = Release|Any CPU
		{330B8140-B1D4-439E-9767-918E9DF91FCE}.Debug|Any CPU.ActiveCfg = Debug|Any CPU
		{330B8140-B1D4-439E-9767-918E9DF91FCE}.Debug|Any CPU.Build.0 = Debug|Any CPU
		{330B8140-B1D4-439E-9767-918E9DF91FCE}.Release|Any CPU.ActiveCfg = Release|Any CPU
		{330B8140-B1D4-439E-9767-918E9DF91FCE}.Release|Any CPU.Build.0 = Release|Any CPU
		{05B75684-4D2E-4974-A10F-379A26FF1A96}.Debug|Any CPU.ActiveCfg = Debug|Any CPU
		{05B75684-4D2E-4974-A10F-379A26FF1A96}.Debug|Any CPU.Build.0 = Debug|Any CPU
		{05B75684-4D2E-4974-A10F-379A26FF1A96}.Release|Any CPU.ActiveCfg = Release|Any CPU
		{05B75684-4D2E-4974-A10F-379A26FF1A96}.Release|Any CPU.Build.0 = Release|Any CPU
		{C78BA682-E094-4EBE-AC3E-C47EFBFAA3C5}.Debug|Any CPU.ActiveCfg = Debug|Any CPU
		{C78BA682-E094-4EBE-AC3E-C47EFBFAA3C5}.Debug|Any CPU.Build.0 = Debug|Any CPU
		{C78BA682-E094-4EBE-AC3E-C47EFBFAA3C5}.Release|Any CPU.ActiveCfg = Release|Any CPU
		{C78BA682-E094-4EBE-AC3E-C47EFBFAA3C5}.Release|Any CPU.Build.0 = Release|Any CPU
		{22257E86-EC37-4F6F-B1BA-9E3F5757AE48}.Debug|Any CPU.ActiveCfg = Debug|Any CPU
		{22257E86-EC37-4F6F-B1BA-9E3F5757AE48}.Debug|Any CPU.Build.0 = Debug|Any CPU
		{22257E86-EC37-4F6F-B1BA-9E3F5757AE48}.Release|Any CPU.ActiveCfg = Release|Any CPU
		{22257E86-EC37-4F6F-B1BA-9E3F5757AE48}.Release|Any CPU.Build.0 = Release|Any CPU
		{5CE4B2B5-3FAE-4AC2-A533-F434C53A9408}.Debug|Any CPU.ActiveCfg = Debug|Any CPU
		{5CE4B2B5-3FAE-4AC2-A533-F434C53A9408}.Debug|Any CPU.Build.0 = Debug|Any CPU
		{5CE4B2B5-3FAE-4AC2-A533-F434C53A9408}.Release|Any CPU.ActiveCfg = Release|Any CPU
		{5CE4B2B5-3FAE-4AC2-A533-F434C53A9408}.Release|Any CPU.Build.0 = Release|Any CPU
		{57A0F442-E369-458E-9BB5-A2820DD901E0}.Debug|Any CPU.ActiveCfg = Debug|Any CPU
		{57A0F442-E369-458E-9BB5-A2820DD901E0}.Debug|Any CPU.Build.0 = Debug|Any CPU
		{57A0F442-E369-458E-9BB5-A2820DD901E0}.Release|Any CPU.ActiveCfg = Release|Any CPU
		{57A0F442-E369-458E-9BB5-A2820DD901E0}.Release|Any CPU.Build.0 = Release|Any CPU
		{BCE61D45-8C3E-4C78-AD07-245E10E4FBA1}.Debug|Any CPU.ActiveCfg = Debug|Any CPU
		{BCE61D45-8C3E-4C78-AD07-245E10E4FBA1}.Debug|Any CPU.Build.0 = Debug|Any CPU
		{BCE61D45-8C3E-4C78-AD07-245E10E4FBA1}.Release|Any CPU.ActiveCfg = Release|Any CPU
		{BCE61D45-8C3E-4C78-AD07-245E10E4FBA1}.Release|Any CPU.Build.0 = Release|Any CPU
		{451D869E-31C8-45F2-8C88-F92987C7C739}.Debug|Any CPU.ActiveCfg = Debug|Any CPU
		{451D869E-31C8-45F2-8C88-F92987C7C739}.Debug|Any CPU.Build.0 = Debug|Any CPU
		{451D869E-31C8-45F2-8C88-F92987C7C739}.Release|Any CPU.ActiveCfg = Release|Any CPU
		{451D869E-31C8-45F2-8C88-F92987C7C739}.Release|Any CPU.Build.0 = Release|Any CPU
		{220CE723-9F47-45FD-A67D-4D07A1B64FF9}.Debug|Any CPU.ActiveCfg = Debug|Any CPU
		{220CE723-9F47-45FD-A67D-4D07A1B64FF9}.Debug|Any CPU.Build.0 = Debug|Any CPU
		{220CE723-9F47-45FD-A67D-4D07A1B64FF9}.Release|Any CPU.ActiveCfg = Release|Any CPU
		{220CE723-9F47-45FD-A67D-4D07A1B64FF9}.Release|Any CPU.Build.0 = Release|Any CPU
		{F80D3338-641F-41D6-9FAC-9B5BEEA6B05F}.Debug|Any CPU.ActiveCfg = Debug|Any CPU
		{F80D3338-641F-41D6-9FAC-9B5BEEA6B05F}.Debug|Any CPU.Build.0 = Debug|Any CPU
		{F80D3338-641F-41D6-9FAC-9B5BEEA6B05F}.Release|Any CPU.ActiveCfg = Release|Any CPU
		{F80D3338-641F-41D6-9FAC-9B5BEEA6B05F}.Release|Any CPU.Build.0 = Release|Any CPU
		{05E2488C-0AB4-473B-AB0D-865000C90173}.Debug|Any CPU.ActiveCfg = Debug|Any CPU
		{05E2488C-0AB4-473B-AB0D-865000C90173}.Debug|Any CPU.Build.0 = Debug|Any CPU
		{05E2488C-0AB4-473B-AB0D-865000C90173}.Release|Any CPU.ActiveCfg = Release|Any CPU
		{05E2488C-0AB4-473B-AB0D-865000C90173}.Release|Any CPU.Build.0 = Release|Any CPU
		{C4F65AF0-6718-4206-945B-C9D698C7A04F}.Debug|Any CPU.ActiveCfg = Debug|Any CPU
		{C4F65AF0-6718-4206-945B-C9D698C7A04F}.Debug|Any CPU.Build.0 = Debug|Any CPU
		{C4F65AF0-6718-4206-945B-C9D698C7A04F}.Release|Any CPU.ActiveCfg = Release|Any CPU
		{C4F65AF0-6718-4206-945B-C9D698C7A04F}.Release|Any CPU.Build.0 = Release|Any CPU
		{AAEE7E6B-0652-4FBB-8FE5-D47C3B1543ED}.Debug|Any CPU.ActiveCfg = Debug|Any CPU
		{AAEE7E6B-0652-4FBB-8FE5-D47C3B1543ED}.Debug|Any CPU.Build.0 = Debug|Any CPU
		{AAEE7E6B-0652-4FBB-8FE5-D47C3B1543ED}.Release|Any CPU.ActiveCfg = Release|Any CPU
		{AAEE7E6B-0652-4FBB-8FE5-D47C3B1543ED}.Release|Any CPU.Build.0 = Release|Any CPU
		{419CCF7A-D190-4D69-9CD5-22AE0BB70E28}.Debug|Any CPU.ActiveCfg = Debug|Any CPU
		{419CCF7A-D190-4D69-9CD5-22AE0BB70E28}.Debug|Any CPU.Build.0 = Debug|Any CPU
		{419CCF7A-D190-4D69-9CD5-22AE0BB70E28}.Release|Any CPU.ActiveCfg = Release|Any CPU
		{419CCF7A-D190-4D69-9CD5-22AE0BB70E28}.Release|Any CPU.Build.0 = Release|Any CPU
		{CB40F8C1-2452-4003-996C-C31251CE4487}.Debug|Any CPU.ActiveCfg = Debug|Any CPU
		{CB40F8C1-2452-4003-996C-C31251CE4487}.Debug|Any CPU.Build.0 = Debug|Any CPU
		{CB40F8C1-2452-4003-996C-C31251CE4487}.Release|Any CPU.ActiveCfg = Release|Any CPU
		{CB40F8C1-2452-4003-996C-C31251CE4487}.Release|Any CPU.Build.0 = Release|Any CPU
		{CACB2CF9-6CB3-4980-B169-E84997526A94}.Debug|Any CPU.ActiveCfg = Debug|Any CPU
		{CACB2CF9-6CB3-4980-B169-E84997526A94}.Debug|Any CPU.Build.0 = Debug|Any CPU
		{CACB2CF9-6CB3-4980-B169-E84997526A94}.Release|Any CPU.ActiveCfg = Release|Any CPU
		{CACB2CF9-6CB3-4980-B169-E84997526A94}.Release|Any CPU.Build.0 = Release|Any CPU
		{D7DF6B67-652E-4901-A98C-BA744612E773}.Debug|Any CPU.ActiveCfg = Debug|Any CPU
		{D7DF6B67-652E-4901-A98C-BA744612E773}.Debug|Any CPU.Build.0 = Debug|Any CPU
		{D7DF6B67-652E-4901-A98C-BA744612E773}.Release|Any CPU.ActiveCfg = Release|Any CPU
		{D7DF6B67-652E-4901-A98C-BA744612E773}.Release|Any CPU.Build.0 = Release|Any CPU
		{F7617100-55E3-4B3B-877D-AE1648AA8E18}.Debug|Any CPU.ActiveCfg = Debug|Any CPU
		{F7617100-55E3-4B3B-877D-AE1648AA8E18}.Debug|Any CPU.Build.0 = Debug|Any CPU
		{F7617100-55E3-4B3B-877D-AE1648AA8E18}.Release|Any CPU.ActiveCfg = Release|Any CPU
		{F7617100-55E3-4B3B-877D-AE1648AA8E18}.Release|Any CPU.Build.0 = Release|Any CPU
		{24C1A282-4E1C-4B72-8A83-7A077F2292CB}.Debug|Any CPU.ActiveCfg = Debug|Any CPU
		{24C1A282-4E1C-4B72-8A83-7A077F2292CB}.Debug|Any CPU.Build.0 = Debug|Any CPU
		{24C1A282-4E1C-4B72-8A83-7A077F2292CB}.Release|Any CPU.ActiveCfg = Release|Any CPU
		{24C1A282-4E1C-4B72-8A83-7A077F2292CB}.Release|Any CPU.Build.0 = Release|Any CPU
	EndGlobalSection
	GlobalSection(SolutionProperties) = preSolution
		HideSolutionNode = FALSE
	EndGlobalSection
	GlobalSection(NestedProjects) = preSolution
		{9838795A-7748-4FFA-84D5-BEFDE287966A} = {29545293-140E-415F-AAFB-E79083E52544}
		{87748A03-6EF8-427B-B784-566F5D63AFAA} = {29545293-140E-415F-AAFB-E79083E52544}
		{E9620F8B-97D5-4585-8763-E8CBE601AAF4} = {29545293-140E-415F-AAFB-E79083E52544}
		{AEA89060-7FDB-4ED2-821C-E9F9695475F1} = {29545293-140E-415F-AAFB-E79083E52544}
		{94683C1C-89F0-4E49-8360-59AA83B82639} = {29545293-140E-415F-AAFB-E79083E52544}
		{AA1996F3-D4B4-4250-80BB-214AB2C2243A} = {29545293-140E-415F-AAFB-E79083E52544}
		{46215A08-3DEA-4B7A-9FB2-808955BD4D5B} = {29545293-140E-415F-AAFB-E79083E52544}
		{099AF3BB-A02C-4377-B4AD-15D90B94F838} = {29545293-140E-415F-AAFB-E79083E52544}
		{FB7FEEFC-A3F3-4149-B151-FF811CEFD4D2} = {29545293-140E-415F-AAFB-E79083E52544}
		{5D494957-B6BD-4D5F-8464-C64D71EA4800} = {29545293-140E-415F-AAFB-E79083E52544}
		{330B8140-B1D4-439E-9767-918E9DF91FCE} = {29545293-140E-415F-AAFB-E79083E52544}
		{05B75684-4D2E-4974-A10F-379A26FF1A96} = {29545293-140E-415F-AAFB-E79083E52544}
		{C78BA682-E094-4EBE-AC3E-C47EFBFAA3C5} = {29545293-140E-415F-AAFB-E79083E52544}
		{22257E86-EC37-4F6F-B1BA-9E3F5757AE48} = {A2990930-7E5B-44EA-A642-15DF50CE75A4}
		{5CE4B2B5-3FAE-4AC2-A533-F434C53A9408} = {A2990930-7E5B-44EA-A642-15DF50CE75A4}
		{57A0F442-E369-458E-9BB5-A2820DD901E0} = {A2990930-7E5B-44EA-A642-15DF50CE75A4}
		{BCE61D45-8C3E-4C78-AD07-245E10E4FBA1} = {A2990930-7E5B-44EA-A642-15DF50CE75A4}
		{451D869E-31C8-45F2-8C88-F92987C7C739} = {A2990930-7E5B-44EA-A642-15DF50CE75A4}
		{220CE723-9F47-45FD-A67D-4D07A1B64FF9} = {A2990930-7E5B-44EA-A642-15DF50CE75A4}
		{F80D3338-641F-41D6-9FAC-9B5BEEA6B05F} = {A2990930-7E5B-44EA-A642-15DF50CE75A4}
		{05E2488C-0AB4-473B-AB0D-865000C90173} = {A2990930-7E5B-44EA-A642-15DF50CE75A4}
		{C4F65AF0-6718-4206-945B-C9D698C7A04F} = {A2990930-7E5B-44EA-A642-15DF50CE75A4}
		{AAEE7E6B-0652-4FBB-8FE5-D47C3B1543ED} = {A2990930-7E5B-44EA-A642-15DF50CE75A4}
		{419CCF7A-D190-4D69-9CD5-22AE0BB70E28} = {A2990930-7E5B-44EA-A642-15DF50CE75A4}
		{CB40F8C1-2452-4003-996C-C31251CE4487} = {A2990930-7E5B-44EA-A642-15DF50CE75A4}
		{CACB2CF9-6CB3-4980-B169-E84997526A94} = {A2990930-7E5B-44EA-A642-15DF50CE75A4}
		{D7DF6B67-652E-4901-A98C-BA744612E773} = {A2990930-7E5B-44EA-A642-15DF50CE75A4}
		{F7617100-55E3-4B3B-877D-AE1648AA8E18} = {41444808-B9C8-4615-9F2D-B0140D5E2587}
		{24C1A282-4E1C-4B72-8A83-7A077F2292CB} = {41444808-B9C8-4615-9F2D-B0140D5E2587}
	EndGlobalSection
	GlobalSection(ExtensibilityGlobals) = postSolution
		SolutionGuid = {CE04887C-B830-4EF9-B08E-45D64A85A0F9}
	EndGlobalSection
EndGlobal
